
Microsoft Visual Studio Solution File, Format Version 12.00
# Visual Studio Version 17
VisualStudioVersion = 17.2.32408.312
MinimumVisualStudioVersion = 10.0.40219.1
Project("{9A19103F-16F7-4668-BE54-9A1E7A4F7556}") = "Laba_2_1", "Laba_2_1\Laba_2_1.csproj", "{63DF1487-2C39-4FF2-8498-071268B404AC}"
EndProject
Project("{9A19103F-16F7-4668-BE54-9A1E7A4F7556}") = "Laba_2_2", "Laba_2_2\Laba_2_2.csproj", "{C5ED5B5F-754F-4373-A140-7C99FA5D56D6}"
EndProject
Project("{9A19103F-16F7-4668-BE54-9A1E7A4F7556}") = "Laba_2_3", "Laba_2_3\Laba_2_3.csproj", "{9CACDE7E-C3C9-40BD-B9FA-F789B3EF889B}"
EndProject
Project("{9A19103F-16F7-4668-BE54-9A1E7A4F7556}") = "Laba_2_4", "Laba_2_4\Laba_2_4.csproj", "{A64CBAB1-D7DF-4308-A2E7-B1474FA17912}"
EndProject
Project("{FAE04EC0-301F-11D3-BF4B-00C04F79EFBC}") = "1111", "1111\1111.csproj", "{958DED4A-920F-4942-814F-0BC1579F8CD8}"
EndProject
Global
	GlobalSection(SolutionConfigurationPlatforms) = preSolution
		Debug|Any CPU = Debug|Any CPU
		Release|Any CPU = Release|Any CPU
	EndGlobalSection
	GlobalSection(ProjectConfigurationPlatforms) = postSolution
		{63DF1487-2C39-4FF2-8498-071268B404AC}.Debug|Any CPU.ActiveCfg = Debug|Any CPU
		{63DF1487-2C39-4FF2-8498-071268B404AC}.Debug|Any CPU.Build.0 = Debug|Any CPU
		{63DF1487-2C39-4FF2-8498-071268B404AC}.Release|Any CPU.ActiveCfg = Release|Any CPU
		{63DF1487-2C39-4FF2-8498-071268B404AC}.Release|Any CPU.Build.0 = Release|Any CPU
		{C5ED5B5F-754F-4373-A140-7C99FA5D56D6}.Debug|Any CPU.ActiveCfg = Debug|Any CPU
		{C5ED5B5F-754F-4373-A140-7C99FA5D56D6}.Debug|Any CPU.Build.0 = Debug|Any CPU
		{C5ED5B5F-754F-4373-A140-7C99FA5D56D6}.Release|Any CPU.ActiveCfg = Release|Any CPU
		{C5ED5B5F-754F-4373-A140-7C99FA5D56D6}.Release|Any CPU.Build.0 = Release|Any CPU
		{9CACDE7E-C3C9-40BD-B9FA-F789B3EF889B}.Debug|Any CPU.ActiveCfg = Debug|Any CPU
		{9CACDE7E-C3C9-40BD-B9FA-F789B3EF889B}.Debug|Any CPU.Build.0 = Debug|Any CPU
		{9CACDE7E-C3C9-40BD-B9FA-F789B3EF889B}.Release|Any CPU.ActiveCfg = Release|Any CPU
		{9CACDE7E-C3C9-40BD-B9FA-F789B3EF889B}.Release|Any CPU.Build.0 = Release|Any CPU
		{A64CBAB1-D7DF-4308-A2E7-B1474FA17912}.Debug|Any CPU.ActiveCfg = Debug|Any CPU
		{A64CBAB1-D7DF-4308-A2E7-B1474FA17912}.Debug|Any CPU.Build.0 = Debug|Any CPU
		{A64CBAB1-D7DF-4308-A2E7-B1474FA17912}.Release|Any CPU.ActiveCfg = Release|Any CPU
		{A64CBAB1-D7DF-4308-A2E7-B1474FA17912}.Release|Any CPU.Build.0 = Release|Any CPU
		{958DED4A-920F-4942-814F-0BC1579F8CD8}.Debug|Any CPU.ActiveCfg = Debug|Any CPU
		{958DED4A-920F-4942-814F-0BC1579F8CD8}.Debug|Any CPU.Build.0 = Debug|Any CPU
		{958DED4A-920F-4942-814F-0BC1579F8CD8}.Release|Any CPU.ActiveCfg = Release|Any CPU
		{958DED4A-920F-4942-814F-0BC1579F8CD8}.Release|Any CPU.Build.0 = Release|Any CPU
	EndGlobalSection
	GlobalSection(SolutionProperties) = preSolution
		HideSolutionNode = FALSE
	EndGlobalSection
	GlobalSection(ExtensibilityGlobals) = postSolution
		SolutionGuid = {2BA3C196-8CE3-4002-A591-B9C1B11AC202}
	EndGlobalSection
EndGlobal
